
Microsoft Visual Studio Solution File, Format Version 12.00
# Visual Studio 2012
Project("{2150E333-8FDC-42A3-9474-1A3956D46DE8}") = "Solution Items", "Solution Items", "{F0C51C5C-F9A7-4108-93C2-6C60CC4356F7}"
	ProjectSection(SolutionItems) = preProject
		..\clean.bat = ..\clean.bat
		..\LICENSE.md = ..\LICENSE.md
		..\pack-nuget.bat = ..\pack-nuget.bat
		..\push-nuget.bat = ..\push-nuget.bat
		..\README.md = ..\README.md
		..\tweetsharp.nuspec = ..\tweetsharp.nuspec
	EndProjectSection
EndProject
Project("{FAE04EC0-301F-11D3-BF4B-00C04F79EFBC}") = "TweetSharp", "TweetSharp\TweetSharp.csproj", "{10BFAA13-B836-4B37-B2D3-D4FEB3F3C484}"
EndProject
Project("{2150E333-8FDC-42A3-9474-1A3956D46DE8}") = "Hammock", "Hammock", "{0C6ACA0E-F33B-439A-BA09-DB9E2C2A772F}"
EndProject
Project("{FAE04EC0-301F-11D3-BF4B-00C04F79EFBC}") = "Hammock.ClientProfile", "..\hammock\src\net35\Hammock.ClientProfile\Hammock.ClientProfile.csproj", "{73015806-7BE4-4BAB-AA07-ACC719EFE85A}"
EndProject
Project("{2150E333-8FDC-42A3-9474-1A3956D46DE8}") = ".nuget", ".nuget", "{8C093261-2320-4546-971B-1CBA1ABA2D0D}"
	ProjectSection(SolutionItems) = preProject
		.nuget\NuGet.Config = .nuget\NuGet.Config
		.nuget\NuGet.exe = .nuget\NuGet.exe
		.nuget\NuGet.targets = .nuget\NuGet.targets
	EndProjectSection
EndProject
Global
	GlobalSection(SolutionConfigurationPlatforms) = preSolution
		ClientProfiles|Any CPU = ClientProfiles|Any CPU
		Debug|Any CPU = Debug|Any CPU
		Mono|Any CPU = Mono|Any CPU
		Release|Any CPU = Release|Any CPU
	EndGlobalSection
	GlobalSection(ProjectConfigurationPlatforms) = postSolution
		{10BFAA13-B836-4B37-B2D3-D4FEB3F3C484}.ClientProfiles|Any CPU.ActiveCfg = Release|Any CPU
		{10BFAA13-B836-4B37-B2D3-D4FEB3F3C484}.ClientProfiles|Any CPU.Build.0 = Release|Any CPU
		{10BFAA13-B836-4B37-B2D3-D4FEB3F3C484}.Debug|Any CPU.ActiveCfg = Debug|Any CPU
		{10BFAA13-B836-4B37-B2D3-D4FEB3F3C484}.Debug|Any CPU.Build.0 = Debug|Any CPU
		{10BFAA13-B836-4B37-B2D3-D4FEB3F3C484}.Mono|Any CPU.ActiveCfg = Release|Any CPU
		{10BFAA13-B836-4B37-B2D3-D4FEB3F3C484}.Mono|Any CPU.Build.0 = Release|Any CPU
		{10BFAA13-B836-4B37-B2D3-D4FEB3F3C484}.Release|Any CPU.ActiveCfg = Release|Any CPU
		{10BFAA13-B836-4B37-B2D3-D4FEB3F3C484}.Release|Any CPU.Build.0 = Release|Any CPU
		{73015806-7BE4-4BAB-AA07-ACC719EFE85A}.ClientProfiles|Any CPU.ActiveCfg = Release|Any CPU
		{73015806-7BE4-4BAB-AA07-ACC719EFE85A}.ClientProfiles|Any CPU.Build.0 = Release|Any CPU
		{73015806-7BE4-4BAB-AA07-ACC719EFE85A}.Debug|Any CPU.ActiveCfg = Debug|Any CPU
		{73015806-7BE4-4BAB-AA07-ACC719EFE85A}.Debug|Any CPU.Build.0 = Debug|Any CPU
		{73015806-7BE4-4BAB-AA07-ACC719EFE85A}.Mono|Any CPU.ActiveCfg = Release|Any CPU
		{73015806-7BE4-4BAB-AA07-ACC719EFE85A}.Mono|Any CPU.Build.0 = Release|Any CPU
		{73015806-7BE4-4BAB-AA07-ACC719EFE85A}.Release|Any CPU.ActiveCfg = Release|Any CPU
		{73015806-7BE4-4BAB-AA07-ACC719EFE85A}.Release|Any CPU.Build.0 = Release|Any CPU
	EndGlobalSection
	GlobalSection(SolutionProperties) = preSolution
		HideSolutionNode = FALSE
	EndGlobalSection
	GlobalSection(NestedProjects) = preSolution
		{73015806-7BE4-4BAB-AA07-ACC719EFE85A} = {0C6ACA0E-F33B-439A-BA09-DB9E2C2A772F}
	EndGlobalSection
EndGlobal
